
Microsoft Visual Studio Solution File, Format Version 12.00
# Visual Studio Version 17
VisualStudioVersion = 17.12.35527.113
MinimumVisualStudioVersion = 10.0.40219.1
Project("{FAE04EC0-301F-11D3-BF4B-00C04F79EFBC}") = "ItemsProject.Core", "ItemsProject.Core\ItemsProject.Core.csproj", "{0A574139-6144-4CD0-B4CA-8233E8AE4A1F}"
EndProject
Project("{FAE04EC0-301F-11D3-BF4B-00C04F79EFBC}") = "ItemsProject.Wpf", "ItemsProject.Wpf\ItemsProject.Wpf.csproj", "{2BF0A556-54BB-421D-9E94-5DCFA16A7500}"
EndProject
Project("{00D1A9C2-B5F0-4AF3-8072-F6C62B433612}") = "DatabaseWheelsVault", "DatabaseWheelsVault\DatabaseWheelsVault.sqlproj", "{C3785569-94B3-4A51-ACCF-323B1B055929}"
EndProject
Global
	GlobalSection(SolutionConfigurationPlatforms) = preSolution
		Debug|Any CPU = Debug|Any CPU
		Release|Any CPU = Release|Any CPU
	EndGlobalSection
	GlobalSection(ProjectConfigurationPlatforms) = postSolution
		{0A574139-6144-4CD0-B4CA-8233E8AE4A1F}.Debug|Any CPU.ActiveCfg = Debug|Any CPU
		{0A574139-6144-4CD0-B4CA-8233E8AE4A1F}.Debug|Any CPU.Build.0 = Debug|Any CPU
		{0A574139-6144-4CD0-B4CA-8233E8AE4A1F}.Release|Any CPU.ActiveCfg = Release|Any CPU
		{0A574139-6144-4CD0-B4CA-8233E8AE4A1F}.Release|Any CPU.Build.0 = Release|Any CPU
		{2BF0A556-54BB-421D-9E94-5DCFA16A7500}.Debug|Any CPU.ActiveCfg = Debug|Any CPU
		{2BF0A556-54BB-421D-9E94-5DCFA16A7500}.Debug|Any CPU.Build.0 = Debug|Any CPU
		{2BF0A556-54BB-421D-9E94-5DCFA16A7500}.Release|Any CPU.ActiveCfg = Release|Any CPU
		{2BF0A556-54BB-421D-9E94-5DCFA16A7500}.Release|Any CPU.Build.0 = Release|Any CPU
		{C3785569-94B3-4A51-ACCF-323B1B055929}.Debug|Any CPU.ActiveCfg = Debug|Any CPU
		{C3785569-94B3-4A51-ACCF-323B1B055929}.Debug|Any CPU.Build.0 = Debug|Any CPU
		{C3785569-94B3-4A51-ACCF-323B1B055929}.Debug|Any CPU.Deploy.0 = Debug|Any CPU
		{C3785569-94B3-4A51-ACCF-323B1B055929}.Release|Any CPU.ActiveCfg = Release|Any CPU
		{C3785569-94B3-4A51-ACCF-323B1B055929}.Release|Any CPU.Build.0 = Release|Any CPU
		{C3785569-94B3-4A51-ACCF-323B1B055929}.Release|Any CPU.Deploy.0 = Release|Any CPU
	EndGlobalSection
	GlobalSection(SolutionProperties) = preSolution
		HideSolutionNode = FALSE
	EndGlobalSection
EndGlobal
